<Solution>
  <Project Path="Assembly-CSharp.csproj" />
  <Project Path="HutongGames.PlayMaker.csproj" />
  <Project Path="HutongGames.PlayMaker.Install.csproj" />
  <Project Path="UniRx.csproj" />
  <Project Path="HutongGames.PlayMaker.Editor.csproj" />
  <Project Path="UniRx.Examples.csproj" />
  <Project Path="Assembly-CSharp-Editor.csproj" />
  <Project Path="Assembly-CSharp-firstpass.csproj" />
  <Project Path="Assembly-CSharp-Editor-firstpass.csproj" />
</Solution>
